
Microsoft Visual Studio Solution File, Format Version 12.00
# Visual Studio 14
VisualStudioVersion = 14.0.23107.0
MinimumVisualStudioVersion = 10.0.40219.1
Project("{FAE04EC0-301F-11D3-BF4B-00C04F79EFBC}") = "alexyap1205info", "alexyap1205info\alexyap1205info.csproj", "{06FBC540-EF8E-4B85-A3C9-7A4B654E7305}"
	ProjectSection(ProjectDependencies) = postProject
		{98E59AA5-ECE4-4D3C-AD5C-BDA4B4092AD7} = {98E59AA5-ECE4-4D3C-AD5C-BDA4B4092AD7}
	EndProjectSection
EndProject
Project("{FAE04EC0-301F-11D3-BF4B-00C04F79EFBC}") = "DataAccess", "DataAccess\DataAccess.csproj", "{8DD6AE07-936A-44F3-B7DF-4270E9457B8E}"
EndProject
Project("{FAE04EC0-301F-11D3-BF4B-00C04F79EFBC}") = "ProfileInformationService", "ProfileInformationService\ProfileInformationService.csproj", "{98E59AA5-ECE4-4D3C-AD5C-BDA4B4092AD7}"
EndProject
Global
	GlobalSection(SolutionConfigurationPlatforms) = preSolution
		Debug|Any CPU = Debug|Any CPU
		Release|Any CPU = Release|Any CPU
	EndGlobalSection
	GlobalSection(ProjectConfigurationPlatforms) = postSolution
		{06FBC540-EF8E-4B85-A3C9-7A4B654E7305}.Debug|Any CPU.ActiveCfg = Debug|Any CPU
		{06FBC540-EF8E-4B85-A3C9-7A4B654E7305}.Debug|Any CPU.Build.0 = Debug|Any CPU
		{06FBC540-EF8E-4B85-A3C9-7A4B654E7305}.Release|Any CPU.ActiveCfg = Release|Any CPU
		{06FBC540-EF8E-4B85-A3C9-7A4B654E7305}.Release|Any CPU.Build.0 = Release|Any CPU
		{8DD6AE07-936A-44F3-B7DF-4270E9457B8E}.Debug|Any CPU.ActiveCfg = Debug|Any CPU
		{8DD6AE07-936A-44F3-B7DF-4270E9457B8E}.Debug|Any CPU.Build.0 = Debug|Any CPU
		{8DD6AE07-936A-44F3-B7DF-4270E9457B8E}.Release|Any CPU.ActiveCfg = Release|Any CPU
		{8DD6AE07-936A-44F3-B7DF-4270E9457B8E}.Release|Any CPU.Build.0 = Release|Any CPU
		{98E59AA5-ECE4-4D3C-AD5C-BDA4B4092AD7}.Debug|Any CPU.ActiveCfg = Debug|Any CPU
		{98E59AA5-ECE4-4D3C-AD5C-BDA4B4092AD7}.Debug|Any CPU.Build.0 = Debug|Any CPU
		{98E59AA5-ECE4-4D3C-AD5C-BDA4B4092AD7}.Release|Any CPU.ActiveCfg = Release|Any CPU
		{98E59AA5-ECE4-4D3C-AD5C-BDA4B4092AD7}.Release|Any CPU.Build.0 = Release|Any CPU
	EndGlobalSection
	GlobalSection(SolutionProperties) = preSolution
		HideSolutionNode = FALSE
	EndGlobalSection
EndGlobal
